dependencies:
- name: mongodb
  repository: file://../mongodb
  version: 0.1.0
- name: course-service
  repository: file://../course-service
  version: 0.1.0
- name: student-service
  repository: file://../student-service
  version: 0.1.0
- name: auth-service
  repository: file://../auth-service
  version: 0.1.0
- name: frontend
  repository: file://../frontend
  version: 0.1.0
digest: sha256:f06e9475e6c2e8d0074506fe74e7d899a78f3fe80af02b418622ecfd407b2c4e
generated: "2025-07-26T23:12:26.578561+08:00"
